// !$*UTF8*$!
{
	archiveVersion = 1;
	classes = {
	};
	objectVersion = 56;
	objects = {

/* Begin PBXBuildFile section */
		EE697A452BF1981800425D0F /* JobConst.swift in Sources */ = {isa = PBXBuildFile; fileRef = EE697A442BF1981800425D0F /* JobConst.swift */; };
		EE697A492BF1CE0100425D0F /* CustomTextField.swift in Sources */ = {isa = PBXBuildFile; fileRef = EE697A482BF1CE0100425D0F /* CustomTextField.swift */; };
		EE697A4B2BF1CE4A00425D0F /* NumberTextField.swift in Sources */ = {isa = PBXBuildFile; fileRef = EE697A4A2BF1CE4A00425D0F /* NumberTextField.swift */; };
		EE697A4D2BF1CE9D00425D0F /* CheckboxToggleStyle.swift in Sources */ = {isa = PBXBuildFile; fileRef = EE697A4C2BF1CE9D00425D0F /* CheckboxToggleStyle.swift */; };
		EE81150E2BCFB3D600AAC34C /* CareerCraftApp.swift in Sources */ = {isa = PBXBuildFile; fileRef = EE81150D2BCFB3D600AAC34C /* CareerCraftApp.swift */; };
		EE8115102BCFB3D600AAC34C /* MainView.swift in Sources */ = {isa = PBXBuildFile; fileRef = EE81150F2BCFB3D600AAC34C /* MainView.swift */; };
		EE8115142BCFB3DA00AAC34C /* Assets.xcassets in Resources */ = {isa = PBXBuildFile; fileRef = EE8115132BCFB3DA00AAC34C /* Assets.xcassets */; };
		EE8115172BCFB3DA00AAC34C /* Preview Assets.xcassets in Resources */ = {isa = PBXBuildFile; fileRef = EE8115162BCFB3DA00AAC34C /* Preview Assets.xcassets */; };
		EE81151E2BCFD8BE00AAC34C /* ShowJobListView.swift in Sources */ = {isa = PBXBuildFile; fileRef = EE81151D2BCFD8BE00AAC34C /* ShowJobListView.swift */; };
		EE8115202BCFD90200AAC34C /* CompareJobView.swift in Sources */ = {isa = PBXBuildFile; fileRef = EE81151F2BCFD90200AAC34C /* CompareJobView.swift */; };
		EE8115222BCFEE7B00AAC34C /* Job.swift in Sources */ = {isa = PBXBuildFile; fileRef = EE8115212BCFEE7B00AAC34C /* Job.swift */; };
		EE8115242BD0368900AAC34C /* SelectCompany.swift in Sources */ = {isa = PBXBuildFile; fileRef = EE8115232BD0368900AAC34C /* SelectCompany.swift */; };
		EE8115262BD03FAF00AAC34C /* SelectLabels.swift in Sources */ = {isa = PBXBuildFile; fileRef = EE8115252BD03FAF00AAC34C /* SelectLabels.swift */; };
		EEDB550E2BE3D0DC009F667B /* AddJobView.swift in Sources */ = {isa = PBXBuildFile; fileRef = EEDB550D2BE3D0DC009F667B /* AddJobView.swift */; };
		EEE016D72BD17754000D62B1 /* JobItemView.swift in Sources */ = {isa = PBXBuildFile; fileRef = EEE016D62BD17754000D62B1 /* JobItemView.swift */; };
		EEF4747B2BD26A72007AC810 /* FilterJobSheet.swift in Sources */ = {isa = PBXBuildFile; fileRef = EEF4747A2BD26A72007AC810 /* FilterJobSheet.swift */; };
/* End PBXBuildFile section */

/* Begin PBXFileReference section */
		EE697A442BF1981800425D0F /* JobConst.swift */ = {isa = PBXFileReference; lastKnownFileType = sourcecode.swift; path = JobConst.swift; sourceTree = "<group>"; };
		EE697A482BF1CE0100425D0F /* CustomTextField.swift */ = {isa = PBXFileReference; lastKnownFileType = sourcecode.swift; path = CustomTextField.swift; sourceTree = "<group>"; };
		EE697A4A2BF1CE4A00425D0F /* NumberTextField.swift */ = {isa = PBXFileReference; lastKnownFileType = sourcecode.swift; path = NumberTextField.swift; sourceTree = "<group>"; };
		EE697A4C2BF1CE9D00425D0F /* CheckboxToggleStyle.swift */ = {isa = PBXFileReference; lastKnownFileType = sourcecode.swift; path = CheckboxToggleStyle.swift; sourceTree = "<group>"; };
		EE81150A2BCFB3D600AAC34C /* CareerCraft.app */ = {isa = PBXFileReference; explicitFileType = wrapper.application; includeInIndex = 0; path = CareerCraft.app; sourceTree = BUILT_PRODUCTS_DIR; };
		EE81150D2BCFB3D600AAC34C /* CareerCraftApp.swift */ = {isa = PBXFileReference; lastKnownFileType = sourcecode.swift; path = CareerCraftApp.swift; sourceTree = "<group>"; };
		EE81150F2BCFB3D600AAC34C /* MainView.swift */ = {isa = PBXFileReference; lastKnownFileType = sourcecode.swift; path = MainView.swift; sourceTree = "<group>"; };
		EE8115132BCFB3DA00AAC34C /* Assets.xcassets */ = {isa = PBXFileReference; lastKnownFileType = folder.assetcatalog; path = Assets.xcassets; sourceTree = "<group>"; };
		EE8115162BCFB3DA00AAC34C /* Preview Assets.xcassets */ = {isa = PBXFileReference; lastKnownFileType = folder.assetcatalog; path = "Preview Assets.xcassets"; sourceTree = "<group>"; };
		EE81151D2BCFD8BE00AAC34C /* ShowJobListView.swift */ = {isa = PBXFileReference; lastKnownFileType = sourcecode.swift; path = ShowJobListView.swift; sourceTree = "<group>"; };
		EE81151F2BCFD90200AAC34C /* CompareJobView.swift */ = {isa = PBXFileReference; lastKnownFileType = sourcecode.swift; path = CompareJobView.swift; sourceTree = "<group>"; };
		EE8115212BCFEE7B00AAC34C /* Job.swift */ = {isa = PBXFileReference; lastKnownFileType = sourcecode.swift; path = Job.swift; sourceTree = "<group>"; };
		EE8115232BD0368900AAC34C /* SelectCompany.swift */ = {isa = PBXFileReference; lastKnownFileType = sourcecode.swift; path = SelectCompany.swift; sourceTree = "<group>"; };
		EE8115252BD03FAF00AAC34C /* SelectLabels.swift */ = {isa = PBXFileReference; lastKnownFileType = sourcecode.swift; path = SelectLabels.swift; sourceTree = "<group>"; };
		EEDB550D2BE3D0DC009F667B /* AddJobView.swift */ = {isa = PBXFileReference; lastKnownFileType = sourcecode.swift; path = AddJobView.swift; sourceTree = "<group>"; };
		EEE016D62BD17754000D62B1 /* JobItemView.swift */ = {isa = PBXFileReference; lastKnownFileType = sourcecode.swift; path = JobItemView.swift; sourceTree = "<group>"; };
		EEF4747A2BD26A72007AC810 /* FilterJobSheet.swift */ = {isa = PBXFileReference; lastKnownFileType = sourcecode.swift; path = FilterJobSheet.swift; sourceTree = "<group>"; };
/* End PBXFileReference section */

/* Begin PBXFrameworksBuildPhase section */
		EE8115072BCFB3D600AAC34C /* Frameworks */ = {
			isa = PBXFrameworksBuildPhase;
			buildActionMask = 2147483647;
			files = (
			);
			runOnlyForDeploymentPostprocessing = 0;
		};
/* End PBXFrameworksBuildPhase section */

/* Begin PBXGroup section */
		EE697A472BF1CDDA00425D0F /* Comp */ = {
			isa = PBXGroup;
			children = (
				EE697A482BF1CE0100425D0F /* CustomTextField.swift */,
				EE697A4A2BF1CE4A00425D0F /* NumberTextField.swift */,
				EE697A4C2BF1CE9D00425D0F /* CheckboxToggleStyle.swift */,
			);
			name = Comp;
			sourceTree = "<group>";
		};
		EE8115012BCFB3D600AAC34C = {
			isa = PBXGroup;
			children = (
				EE81150C2BCFB3D600AAC34C /* CareerCraft */,
				EE81150B2BCFB3D600AAC34C /* Products */,
			);
			sourceTree = "<group>";
		};
		EE81150B2BCFB3D600AAC34C /* Products */ = {
			isa = PBXGroup;
			children = (
				EE81150A2BCFB3D600AAC34C /* CareerCraft.app */,
			);
			name = Products;
			sourceTree = "<group>";
		};
		EE81150C2BCFB3D600AAC34C /* CareerCraft */ = {
			isa = PBXGroup;
			children = (
				EEF474772BD24B20007AC810 /* CompareJob */,
				EEF474792BD24B67007AC810 /* JobList */,
				EE81150D2BCFB3D600AAC34C /* CareerCraftApp.swift */,
				EE81150F2BCFB3D600AAC34C /* MainView.swift */,
				EE697A442BF1981800425D0F /* JobConst.swift */,
				EE8115132BCFB3DA00AAC34C /* Assets.xcassets */,
				EE8115152BCFB3DA00AAC34C /* Preview Content */,
				EE8115212BCFEE7B00AAC34C /* Job.swift */,
			);
			path = CareerCraft;
			sourceTree = "<group>";
		};
		EE8115152BCFB3DA00AAC34C /* Preview Content */ = {
			isa = PBXGroup;
			children = (
				EE8115162BCFB3DA00AAC34C /* Preview Assets.xcassets */,
			);
			path = "Preview Content";
			sourceTree = "<group>";
		};
		EEF474772BD24B20007AC810 /* CompareJob */ = {
			isa = PBXGroup;
			children = (
				EE8115252BD03FAF00AAC34C /* SelectLabels.swift */,
				EE8115232BD0368900AAC34C /* SelectCompany.swift */,
				EE81151F2BCFD90200AAC34C /* CompareJobView.swift */,
			);
			path = CompareJob;
			sourceTree = "<group>";
		};
		EEF474792BD24B67007AC810 /* JobList */ = {
			isa = PBXGroup;
			children = (
				EE697A472BF1CDDA00425D0F /* Comp */,
				EEE016D62BD17754000D62B1 /* JobItemView.swift */,
				EE81151D2BCFD8BE00AAC34C /* ShowJobListView.swift */,
				EEF4747A2BD26A72007AC810 /* FilterJobSheet.swift */,
				EEDB550D2BE3D0DC009F667B /* AddJobView.swift */,
			);
			path = JobList;
			sourceTree = "<group>";
		};
/* End PBXGroup section */

/* Begin PBXNativeTarget section */
		EE8115092BCFB3D600AAC34C /* CareerCraft */ = {
			isa = PBXNativeTarget;
			buildConfigurationList = EE81151A2BCFB3DA00AAC34C /* Build configuration list for PBXNativeTarget "CareerCraft" */;
			buildPhases = (
				EE8115062BCFB3D600AAC34C /* Sources */,
				EE8115072BCFB3D600AAC34C /* Frameworks */,
				EE8115082BCFB3D600AAC34C /* Resources */,
			);
			buildRules = (
			);
			dependencies = (
			);
			name = CareerCraft;
			productName = CareerCraft;
			productReference = EE81150A2BCFB3D600AAC34C /* CareerCraft.app */;
			productType = "com.apple.product-type.application";
		};
/* End PBXNativeTarget section */

/* Begin PBXProject section */
		EE8115022BCFB3D600AAC34C /* Project object */ = {
			isa = PBXProject;
			attributes = {
				BuildIndependentTargetsInParallel = 1;
				LastSwiftUpdateCheck = 1530;
				LastUpgradeCheck = 1530;
				TargetAttributes = {
					EE8115092BCFB3D600AAC34C = {
						CreatedOnToolsVersion = 15.3;
					};
				};
			};
			buildConfigurationList = EE8115052BCFB3D600AAC34C /* Build configuration list for PBXProject "CareerCraft" */;
			compatibilityVersion = "Xcode 14.0";
			developmentRegion = en;
			hasScannedForEncodings = 0;
			knownRegions = (
				en,
				Base,
			);
			mainGroup = EE8115012BCFB3D600AAC34C;
			productRefGroup = EE81150B2BCFB3D600AAC34C /* Products */;
			projectDirPath = "";
			projectRoot = "";
			targets = (
				EE8115092BCFB3D600AAC34C /* CareerCraft */,
			);
		};
/* End PBXProject section */

/* Begin PBXResourcesBuildPhase section */
		EE8115082BCFB3D600AAC34C /* Resources */ = {
			isa = PBXResourcesBuildPhase;
			buildActionMask = 2147483647;
			files = (
				EE8115172BCFB3DA00AAC34C /* Preview Assets.xcassets in Resources */,
				EE8115142BCFB3DA00AAC34C /* Assets.xcassets in Resources */,
			);
			runOnlyForDeploymentPostprocessing = 0;
		};
/* End PBXResourcesBuildPhase section */

/* Begin PBXSourcesBuildPhase section */
		EE8115062BCFB3D600AAC34C /* Sources */ = {
			isa = PBXSourcesBuildPhase;
			buildActionMask = 2147483647;
			files = (
				EEDB550E2BE3D0DC009F667B /* AddJobView.swift in Sources */,
				EE8115262BD03FAF00AAC34C /* SelectLabels.swift in Sources */,
				EE81151E2BCFD8BE00AAC34C /* ShowJobListView.swift in Sources */,
				EE697A452BF1981800425D0F /* JobConst.swift in Sources */,
				EE8115222BCFEE7B00AAC34C /* Job.swift in Sources */,
				EE8115102BCFB3D600AAC34C /* MainView.swift in Sources */,
				EE697A4D2BF1CE9D00425D0F /* CheckboxToggleStyle.swift in Sources */,
				EE8115242BD0368900AAC34C /* SelectCompany.swift in Sources */,
				EEE016D72BD17754000D62B1 /* JobItemView.swift in Sources */,
				EE697A492BF1CE0100425D0F /* CustomTextField.swift in Sources */,
				EEF4747B2BD26A72007AC810 /* FilterJobSheet.swift in Sources */,
				EE697A4B2BF1CE4A00425D0F /* NumberTextField.swift in Sources */,
				EE8115202BCFD90200AAC34C /* CompareJobView.swift in Sources */,
				EE81150E2BCFB3D600AAC34C /* CareerCraftApp.swift in Sources */,
			);
			runOnlyForDeploymentPostprocessing = 0;
		};
/* End PBXSourcesBuildPhase section */

/* Begin XCBuildConfiguration section */
		EE8115182BCFB3DA00AAC34C /* Debug */ = {
			isa = XCBuildConfiguration;
			buildSettings = {
				ALWAYS_SEARCH_USER_PATHS = NO;
				ASSETCATALOG_COMPILER_GENERATE_SWIFT_ASSET_SYMBOL_EXTENSIONS = YES;
				CLANG_ANALYZER_NONNULL = YES;
				CLANG_ANALYZER_NUMBER_OBJECT_CONVERSION = YES_AGGRESSIVE;
				CLANG_CXX_LANGUAGE_STANDARD = "gnu++20";
				CLANG_ENABLE_MODULES = YES;
				CLANG_ENABLE_OBJC_ARC = YES;
				CLANG_ENABLE_OBJC_WEAK = YES;
				CLANG_WARN_BLOCK_CAPTURE_AUTORELEASING = YES;
				CLANG_WARN_BOOL_CONVERSION = YES;
				CLANG_WARN_COMMA = YES;
				CLANG_WARN_CONSTANT_CONVERSION = YES;
				CLANG_WARN_DEPRECATED_OBJC_IMPLEMENTATIONS = YES;
				CLANG_WARN_DIRECT_OBJC_ISA_USAGE = YES_ERROR;
				CLANG_WARN_DOCUMENTATION_COMMENTS = YES;
				CLANG_WARN_EMPTY_BODY = YES;
				CLANG_WARN_ENUM_CONVERSION = YES;
				CLANG_WARN_INFINITE_RECURSION = YES;
				CLANG_WARN_INT_CONVERSION = YES;
				CLANG_WARN_NON_LITERAL_NULL_CONVERSION = YES;
				CLANG_WARN_OBJC_IMPLICIT_RETAIN_SELF = YES;
				CLANG_WARN_OBJC_LITERAL_CONVERSION = YES;
				CLANG_WARN_OBJC_ROOT_CLASS = YES_ERROR;
				CLANG_WARN_QUOTED_INCLUDE_IN_FRAMEWORK_HEADER = YES;
				CLANG_WARN_RANGE_LOOP_ANALYSIS = YES;
				CLANG_WARN_STRICT_PROTOTYPES = YES;
				CLANG_WARN_SUSPICIOUS_MOVE = YES;
				CLANG_WARN_UNGUARDED_AVAILABILITY = YES_AGGRESSIVE;
				CLANG_WARN_UNREACHABLE_CODE = YES;
				CLANG_WARN__DUPLICATE_METHOD_MATCH = YES;
				COPY_PHASE_STRIP = NO;
				DEBUG_INFORMATION_FORMAT = dwarf;
				ENABLE_STRICT_OBJC_MSGSEND = YES;
				ENABLE_TESTABILITY = YES;
				ENABLE_USER_SCRIPT_SANDBOXING = YES;
				GCC_C_LANGUAGE_STANDARD = gnu17;
				GCC_DYNAMIC_NO_PIC = NO;
				GCC_NO_COMMON_BLOCKS = YES;
				GCC_OPTIMIZATION_LEVEL = 0;
				GCC_PREPROCESSOR_DEFINITIONS = (
					"DEBUG=1",
					"$(inherited)",
				);
				GCC_WARN_64_TO_32_BIT_CONVERSION = YES;
				GCC_WARN_ABOUT_RETURN_TYPE = YES_ERROR;
				GCC_WARN_UNDECLARED_SELECTOR = YES;
				GCC_WARN_UNINITIALIZED_AUTOS = YES_AGGRESSIVE;
				GCC_WARN_UNUSED_FUNCTION = YES;
				GCC_WARN_UNUSED_VARIABLE = YES;
				IPHONEOS_DEPLOYMENT_TARGET = 17.4;
				LOCALIZATION_PREFERS_STRING_CATALOGS = YES;
				MTL_ENABLE_DEBUG_INFO = INCLUDE_SOURCE;
				MTL_FAST_MATH = YES;
				ONLY_ACTIVE_ARCH = YES;
				SDKROOT = iphoneos;
				SWIFT_ACTIVE_COMPILATION_CONDITIONS = "DEBUG $(inherited)";
				SWIFT_OPTIMIZATION_LEVEL = "-Onone";
			};
			name = Debug;
		};
		EE8115192BCFB3DA00AAC34C /* Release */ = {
			isa = XCBuildConfiguration;
			buildSettings = {
				ALWAYS_SEARCH_USER_PATHS = NO;
				ASSETCATALOG_COMPILER_GENERATE_SWIFT_ASSET_SYMBOL_EXTENSIONS = YES;
				CLANG_ANALYZER_NONNULL = YES;
				CLANG_ANALYZER_NUMBER_OBJECT_CONVERSION = YES_AGGRESSIVE;
				CLANG_CXX_LANGUAGE_STANDARD = "gnu++20";
				CLANG_ENABLE_MODULES = YES;
				CLANG_ENABLE_OBJC_ARC = YES;
				CLANG_ENABLE_OBJC_WEAK = YES;
				CLANG_WARN_BLOCK_CAPTURE_AUTORELEASING = YES;
				CLANG_WARN_BOOL_CONVERSION = YES;
				CLANG_WARN_COMMA = YES;
				CLANG_WARN_CONSTANT_CONVERSION = YES;
				CLANG_WARN_DEPRECATED_OBJC_IMPLEMENTATIONS = YES;
				CLANG_WARN_DIRECT_OBJC_ISA_USAGE = YES_ERROR;
				CLANG_WARN_DOCUMENTATION_COMMENTS = YES;
				CLANG_WARN_EMPTY_BODY = YES;
				CLANG_WARN_ENUM_CONVERSION = YES;
				CLANG_WARN_INFINITE_RECURSION = YES;
				CLANG_WARN_INT_CONVERSION = YES;
				CLANG_WARN_NON_LITERAL_NULL_CONVERSION = YES;
				CLANG_WARN_OBJC_IMPLICIT_RETAIN_SELF = YES;
				CLANG_WARN_OBJC_LITERAL_CONVERSION = YES;
				CLANG_WARN_OBJC_ROOT_CLASS = YES_ERROR;
				CLANG_WARN_QUOTED_INCLUDE_IN_FRAMEWORK_HEADER = YES;
				CLANG_WARN_RANGE_LOOP_ANALYSIS = YES;
				CLANG_WARN_STRICT_PROTOTYPES = YES;
				CLANG_WARN_SUSPICIOUS_MOVE = YES;
				CLANG_WARN_UNGUARDED_AVAILABILITY = YES_AGGRESSIVE;
				CLANG_WARN_UNREACHABLE_CODE = YES;
				CLANG_WARN__DUPLICATE_METHOD_MATCH = YES;
				COPY_PHASE_STRIP = NO;
				DEBUG_INFORMATION_FORMAT = "dwarf-with-dsym";
				ENABLE_NS_ASSERTIONS = NO;
				ENABLE_STRICT_OBJC_MSGSEND = YES;
				ENABLE_USER_SCRIPT_SANDBOXING = YES;
				GCC_C_LANGUAGE_STANDARD = gnu17;
				GCC_NO_COMMON_BLOCKS = YES;
				GCC_WARN_64_TO_32_BIT_CONVERSION = YES;
				GCC_WARN_ABOUT_RETURN_TYPE = YES_ERROR;
				GCC_WARN_UNDECLARED_SELECTOR = YES;
				GCC_WARN_UNINITIALIZED_AUTOS = YES_AGGRESSIVE;
				GCC_WARN_UNUSED_FUNCTION = YES;
				GCC_WARN_UNUSED_VARIABLE = YES;
				IPHONEOS_DEPLOYMENT_TARGET = 17.4;
				LOCALIZATION_PREFERS_STRING_CATALOGS = YES;
				MTL_ENABLE_DEBUG_INFO = NO;
				MTL_FAST_MATH = YES;
				SDKROOT = iphoneos;
				SWIFT_COMPILATION_MODE = wholemodule;
				VALIDATE_PRODUCT = YES;
			};
			name = Release;
		};
		EE81151B2BCFB3DA00AAC34C /* Debug */ = {
			isa = XCBuildConfiguration;
			buildSettings = {
				ASSETCATALOG_COMPILER_APPICON_NAME = AppIcon;
				ASSETCATALOG_COMPILER_GLOBAL_ACCENT_COLOR_NAME = AccentColor;
				CODE_SIGN_STYLE = Automatic;
				CURRENT_PROJECT_VERSION = 1;
				DEVELOPMENT_ASSET_PATHS = "\"CareerCraft/Preview Content\"";
				DEVELOPMENT_TEAM = T9VK82XQ6Q;
				ENABLE_PREVIEWS = YES;
				GENERATE_INFOPLIST_FILE = YES;
				INFOPLIST_KEY_UIApplicationSceneManifest_Generation = YES;
				INFOPLIST_KEY_UIApplicationSupportsIndirectInputEvents = YES;
				INFOPLIST_KEY_UILaunchScreen_Generation = YES;
				INFOPLIST_KEY_UISupportedInterfaceOrientations_iPad = "UIInterfaceOrientationPortrait UIInterfaceOrientationPortraitUpsideDown UIInterfaceOrientationLandscapeLeft UIInterfaceOrientationLandscapeRight";
				INFOPLIST_KEY_UISupportedInterfaceOrientations_iPhone = "UIInterfaceOrientationPortrait UIInterfaceOrientationLandscapeLeft UIInterfaceOrientationLandscapeRight";
				LD_RUNPATH_SEARCH_PATHS = (
					"$(inherited)",
					"@executable_path/Frameworks",
				);
				MARKETING_VERSION = 1.0;
				PRODUCT_BUNDLE_IDENTIFIER = "com.one-dek-career-craft.app.CareerCraft";
				PRODUCT_NAME = "$(TARGET_NAME)";
				SWIFT_EMIT_LOC_STRINGS = YES;
				SWIFT_VERSION = 5.0;
				TARGETED_DEVICE_FAMILY = "1,2";
			};
			name = Debug;
		};
		EE81151C2BCFB3DA00AAC34C /* Release */ = {
			isa = XCBuildConfiguration;
			buildSettings = {
				ASSETCATALOG_COMPILER_APPICON_NAME = AppIcon;
				ASSETCATALOG_COMPILER_GLOBAL_ACCENT_COLOR_NAME = AccentColor;
				CODE_SIGN_STYLE = Automatic;
				CURRENT_PROJECT_VERSION = 1;
				DEVELOPMENT_ASSET_PATHS = "\"CareerCraft/Preview Content\"";
				DEVELOPMENT_TEAM = T9VK82XQ6Q;
				ENABLE_PREVIEWS = YES;
				GENERATE_INFOPLIST_FILE = YES;
				INFOPLIST_KEY_UIApplicationSceneManifest_Generation = YES;
				INFOPLIST_KEY_UIApplicationSupportsIndirectInputEvents = YES;
				INFOPLIST_KEY_UILaunchScreen_Generation = YES;
				INFOPLIST_KEY_UISupportedInterfaceOrientations_iPad = "UIInterfaceOrientationPortrait UIInterfaceOrientationPortraitUpsideDown UIInterfaceOrientationLandscapeLeft UIInterfaceOrientationLandscapeRight";
				INFOPLIST_KEY_UISupportedInterfaceOrientations_iPhone = "UIInterfaceOrientationPortrait UIInterfaceOrientationLandscapeLeft UIInterfaceOrientationLandscapeRight";
				LD_RUNPATH_SEARCH_PATHS = (
					"$(inherited)",
					"@executable_path/Frameworks",
				);
				MARKETING_VERSION = 1.0;
				PRODUCT_BUNDLE_IDENTIFIER = "com.one-dek-career-craft.app.CareerCraft";
				PRODUCT_NAME = "$(TARGET_NAME)";
				SWIFT_EMIT_LOC_STRINGS = YES;
				SWIFT_VERSION = 5.0;
				TARGETED_DEVICE_FAMILY = "1,2";
			};
			name = Release;
		};
/* End XCBuildConfiguration section */

/* Begin XCConfigurationList section */
		EE8115052BCFB3D600AAC34C /* Build configuration list for PBXProject "CareerCraft" */ = {
			isa = XCConfigurationList;
			buildConfigurations = (
				EE8115182BCFB3DA00AAC34C /* Debug */,
				EE8115192BCFB3DA00AAC34C /* Release */,
			);
			defaultConfigurationIsVisible = 0;
			defaultConfigurationName = Release;
		};
		EE81151A2BCFB3DA00AAC34C /* Build configuration list for PBXNativeTarget "CareerCraft" */ = {
			isa = XCConfigurationList;
			buildConfigurations = (
				EE81151B2BCFB3DA00AAC34C /* Debug */,
				EE81151C2BCFB3DA00AAC34C /* Release */,
			);
			defaultConfigurationIsVisible = 0;
			defaultConfigurationName = Release;
		};
/* End XCConfigurationList section */
	};
	rootObject = EE8115022BCFB3D600AAC34C /* Project object */;
}
